// !$*UTF8*$!
{
	archiveVersion = 1;
	classes = {
	};
	objectVersion = 50;
	objects = {

/* Begin PBXBuildFile section */
		261A09112598042D003A4B5F /* binarySearch.cpp in Sources */ = {isa = PBXBuildFile; fileRef = 261A090F2598042D003A4B5F /* binarySearch.cpp */; };
		265332032599949B0014C0FB /* linkedlist.cpp in Sources */ = {isa = PBXBuildFile; fileRef = 265332012599949B0014C0FB /* linkedlist.cpp */; };
		26685479259C0B910010B1A2 /* skunk.cpp in Sources */ = {isa = PBXBuildFile; fileRef = 26685477259C0B910010B1A2 /* skunk.cpp */; };
		269464DC2591706300E9493C /* main.cpp in Sources */ = {isa = PBXBuildFile; fileRef = 269464DB2591706300E9493C /* main.cpp */; };
		269464E325917D3300E9493C /* input.cpp in Sources */ = {isa = PBXBuildFile; fileRef = 269464E225917D3300E9493C /* input.cpp */; };
		26E917BA259A88ED00E23275 /* assignment1.cpp in Sources */ = {isa = PBXBuildFile; fileRef = 26E917B8259A88ED00E23275 /* assignment1.cpp */; };
/* End PBXBuildFile section */

/* Begin PBXCopyFilesBuildPhase section */
		269464D62591706300E9493C /* CopyFiles */ = {
			isa = PBXCopyFilesBuildPhase;
			buildActionMask = 2147483647;
			dstPath = /usr/share/man/man1/;
			dstSubfolderSpec = 0;
			files = (
			);
			runOnlyForDeploymentPostprocessing = 1;
		};
/* End PBXCopyFilesBuildPhase section */

/* Begin PBXFileReference section */
		261A090F2598042D003A4B5F /* binarySearch.cpp */ = {isa = PBXFileReference; lastKnownFileType = sourcecode.cpp.cpp; path = binarySearch.cpp; sourceTree = "<group>"; };
		261A09102598042D003A4B5F /* binarySearch.hpp */ = {isa = PBXFileReference; lastKnownFileType = sourcecode.cpp.h; path = binarySearch.hpp; sourceTree = "<group>"; };
		265332012599949B0014C0FB /* linkedlist.cpp */ = {isa = PBXFileReference; lastKnownFileType = sourcecode.cpp.cpp; path = linkedlist.cpp; sourceTree = "<group>"; };
		265332022599949B0014C0FB /* linkedlist.hpp */ = {isa = PBXFileReference; lastKnownFileType = sourcecode.cpp.h; path = linkedlist.hpp; sourceTree = "<group>"; };
		26685477259C0B910010B1A2 /* skunk.cpp */ = {isa = PBXFileReference; lastKnownFileType = sourcecode.cpp.cpp; path = skunk.cpp; sourceTree = "<group>"; };
		26685478259C0B910010B1A2 /* skunk.hpp */ = {isa = PBXFileReference; lastKnownFileType = sourcecode.cpp.h; path = skunk.hpp; sourceTree = "<group>"; };
		269464D82591706300E9493C /* Review */ = {isa = PBXFileReference; explicitFileType = "compiled.mach-o.executable"; includeInIndex = 0; path = Review; sourceTree = BUILT_PRODUCTS_DIR; };
		269464DB2591706300E9493C /* main.cpp */ = {isa = PBXFileReference; lastKnownFileType = sourcecode.cpp.cpp; path = main.cpp; sourceTree = "<group>"; };
		269464E225917D3300E9493C /* input.cpp */ = {isa = PBXFileReference; lastKnownFileType = sourcecode.cpp.cpp; path = input.cpp; sourceTree = "<group>"; };
		26E917AB259A82AD00E23275 /* input.h */ = {isa = PBXFileReference; lastKnownFileType = sourcecode.c.h; path = input.h; sourceTree = "<group>"; };
		26E917B7259A884A00E23275 /* shoppinglist.txt */ = {isa = PBXFileReference; lastKnownFileType = text; path = shoppinglist.txt; sourceTree = "<group>"; };
		26E917B8259A88ED00E23275 /* assignment1.cpp */ = {isa = PBXFileReference; lastKnownFileType = sourcecode.cpp.cpp; path = assignment1.cpp; sourceTree = "<group>"; };
		26E917B9259A88ED00E23275 /* assignment1.hpp */ = {isa = PBXFileReference; lastKnownFileType = sourcecode.cpp.h; path = assignment1.hpp; sourceTree = "<group>"; };
/* End PBXFileReference section */

/* Begin PBXFrameworksBuildPhase section */
		269464D52591706300E9493C /* Frameworks */ = {
			isa = PBXFrameworksBuildPhase;
			buildActionMask = 2147483647;
			files = (
			);
			runOnlyForDeploymentPostprocessing = 0;
		};
/* End PBXFrameworksBuildPhase section */

/* Begin PBXGroup section */
		26685476259C0B4B0010B1A2 /* Assignment7-skunk */ = {
			isa = PBXGroup;
			children = (
				26685477259C0B910010B1A2 /* skunk.cpp */,
				26685478259C0B910010B1A2 /* skunk.hpp */,
			);
			path = "Assignment7-skunk";
			sourceTree = "<group>";
		};
		269464CF2591706300E9493C = {
			isa = PBXGroup;
			children = (
				269464DA2591706300E9493C /* Review */,
				269464D92591706300E9493C /* Products */,
			);
			sourceTree = "<group>";
		};
		269464D92591706300E9493C /* Products */ = {
			isa = PBXGroup;
			children = (
				269464D82591706300E9493C /* Review */,
			);
			name = Products;
			sourceTree = "<group>";
		};
		269464DA2591706300E9493C /* Review */ = {
			isa = PBXGroup;
			children = (
				26E917B2259A86EB00E23275 /* cis22b */,
				26E917AC259A859E00E23275 /* ctci */,
				269464DB2591706300E9493C /* main.cpp */,
				269464E225917D3300E9493C /* input.cpp */,
				26E917AB259A82AD00E23275 /* input.h */,
			);
			path = Review;
			sourceTree = "<group>";
		};
		26E917AC259A859E00E23275 /* ctci */ = {
			isa = PBXGroup;
			children = (
				261A090F2598042D003A4B5F /* binarySearch.cpp */,
				261A09102598042D003A4B5F /* binarySearch.hpp */,
				265332012599949B0014C0FB /* linkedlist.cpp */,
				265332022599949B0014C0FB /* linkedlist.hpp */,
			);
			path = ctci;
			sourceTree = "<group>";
		};
		26E917B2259A86EB00E23275 /* cis22b */ = {
			isa = PBXGroup;
			children = (
				26E917B6259A876A00E23275 /* Assignment1-shopping_list */,
				26685476259C0B4B0010B1A2 /* Assignment7-skunk */,
			);
			path = cis22b;
			sourceTree = "<group>";
		};
		26E917B6259A876A00E23275 /* Assignment1-shopping_list */ = {
			isa = PBXGroup;
			children = (
				26E917B7259A884A00E23275 /* shoppinglist.txt */,
				26E917B8259A88ED00E23275 /* assignment1.cpp */,
				26E917B9259A88ED00E23275 /* assignment1.hpp */,
			);
			path = "Assignment1-shopping_list";
			sourceTree = "<group>";
		};
/* End PBXGroup section */

/* Begin PBXNativeTarget section */
		269464D72591706300E9493C /* Review */ = {
			isa = PBXNativeTarget;
			buildConfigurationList = 269464DF2591706300E9493C /* Build configuration list for PBXNativeTarget "Review" */;
			buildPhases = (
				269464D42591706300E9493C /* Sources */,
				269464D52591706300E9493C /* Frameworks */,
				269464D62591706300E9493C /* CopyFiles */,
			);
			buildRules = (
			);
			dependencies = (
			);
			name = Review;
			productName = Review;
			productReference = 269464D82591706300E9493C /* Review */;
			productType = "com.apple.product-type.tool";
		};
/* End PBXNativeTarget section */

/* Begin PBXProject section */
		269464D02591706300E9493C /* Project object */ = {
			isa = PBXProject;
			attributes = {
				LastUpgradeCheck = 1170;
				ORGANIZATIONNAME = "Philip Nguyen";
				TargetAttributes = {
					269464D72591706300E9493C = {
						CreatedOnToolsVersion = 11.7;
					};
				};
			};
			buildConfigurationList = 269464D32591706300E9493C /* Build configuration list for PBXProject "Review" */;
			compatibilityVersion = "Xcode 9.3";
			developmentRegion = en;
			hasScannedForEncodings = 0;
			knownRegions = (
				en,
				Base,
			);
			mainGroup = 269464CF2591706300E9493C;
			productRefGroup = 269464D92591706300E9493C /* Products */;
			projectDirPath = "";
			projectRoot = "";
			targets = (
				269464D72591706300E9493C /* Review */,
			);
		};
/* End PBXProject section */

/* Begin PBXSourcesBuildPhase section */
		269464D42591706300E9493C /* Sources */ = {
			isa = PBXSourcesBuildPhase;
			buildActionMask = 2147483647;
			files = (
				269464E325917D3300E9493C /* input.cpp in Sources */,
				269464DC2591706300E9493C /* main.cpp in Sources */,
				265332032599949B0014C0FB /* linkedlist.cpp in Sources */,
				26E917BA259A88ED00E23275 /* assignment1.cpp in Sources */,
				26685479259C0B910010B1A2 /* skunk.cpp in Sources */,
				261A09112598042D003A4B5F /* binarySearch.cpp in Sources */,
			);
			runOnlyForDeploymentPostprocessing = 0;
		};
/* End PBXSourcesBuildPhase section */

/* Begin XCBuildConfiguration section */
		269464DD2591706300E9493C /* Debug */ = {
			isa = XCBuildConfiguration;
			buildSettings = {
				ALWAYS_SEARCH_USER_PATHS = NO;
				CLANG_ANALYZER_NONNULL = YES;
				CLANG_ANALYZER_NUMBER_OBJECT_CONVERSION = YES_AGGRESSIVE;
				CLANG_CXX_LANGUAGE_STANDARD = "gnu++14";
				CLANG_CXX_LIBRARY = "libc++";
				CLANG_ENABLE_MODULES = YES;
				CLANG_ENABLE_OBJC_ARC = YES;
				CLANG_ENABLE_OBJC_WEAK = YES;
				CLANG_WARN_BLOCK_CAPTURE_AUTORELEASING = YES;
				CLANG_WARN_BOOL_CONVERSION = YES;
				CLANG_WARN_COMMA = YES;
				CLANG_WARN_CONSTANT_CONVERSION = YES;
				CLANG_WARN_DEPRECATED_OBJC_IMPLEMENTATIONS = YES;
				CLANG_WARN_DIRECT_OBJC_ISA_USAGE = YES_ERROR;
				CLANG_WARN_DOCUMENTATION_COMMENTS = YES;
				CLANG_WARN_EMPTY_BODY = YES;
				CLANG_WARN_ENUM_CONVERSION = YES;
				CLANG_WARN_INFINITE_RECURSION = YES;
				CLANG_WARN_INT_CONVERSION = YES;
				CLANG_WARN_NON_LITERAL_NULL_CONVERSION = YES;
				CLANG_WARN_OBJC_IMPLICIT_RETAIN_SELF = YES;
				CLANG_WARN_OBJC_LITERAL_CONVERSION = YES;
				CLANG_WARN_OBJC_ROOT_CLASS = YES_ERROR;
				CLANG_WARN_RANGE_LOOP_ANALYSIS = YES;
				CLANG_WARN_STRICT_PROTOTYPES = YES;
				CLANG_WARN_SUSPICIOUS_MOVE = YES;
				CLANG_WARN_UNGUARDED_AVAILABILITY = YES_AGGRESSIVE;
				CLANG_WARN_UNREACHABLE_CODE = YES;
				CLANG_WARN__DUPLICATE_METHOD_MATCH = YES;
				COPY_PHASE_STRIP = NO;
				DEBUG_INFORMATION_FORMAT = dwarf;
				ENABLE_STRICT_OBJC_MSGSEND = YES;
				ENABLE_TESTABILITY = YES;
				GCC_C_LANGUAGE_STANDARD = gnu11;
				GCC_DYNAMIC_NO_PIC = NO;
				GCC_NO_COMMON_BLOCKS = YES;
				GCC_OPTIMIZATION_LEVEL = 0;
				GCC_PREPROCESSOR_DEFINITIONS = (
					"DEBUG=1",
					"$(inherited)",
				);
				GCC_WARN_64_TO_32_BIT_CONVERSION = YES;
				GCC_WARN_ABOUT_RETURN_TYPE = YES_ERROR;
				GCC_WARN_UNDECLARED_SELECTOR = YES;
				GCC_WARN_UNINITIALIZED_AUTOS = YES_AGGRESSIVE;
				GCC_WARN_UNUSED_FUNCTION = YES;
				GCC_WARN_UNUSED_VARIABLE = YES;
				MACOSX_DEPLOYMENT_TARGET = 10.15;
				MTL_ENABLE_DEBUG_INFO = INCLUDE_SOURCE;
				MTL_FAST_MATH = YES;
				ONLY_ACTIVE_ARCH = YES;
				SDKROOT = macosx;
			};
			name = Debug;
		};
		269464DE2591706300E9493C /* Release */ = {
			isa = XCBuildConfiguration;
			buildSettings = {
				ALWAYS_SEARCH_USER_PATHS = NO;
				CLANG_ANALYZER_NONNULL = YES;
				CLANG_ANALYZER_NUMBER_OBJECT_CONVERSION = YES_AGGRESSIVE;
				CLANG_CXX_LANGUAGE_STANDARD = "gnu++14";
				CLANG_CXX_LIBRARY = "libc++";
				CLANG_ENABLE_MODULES = YES;
				CLANG_ENABLE_OBJC_ARC = YES;
				CLANG_ENABLE_OBJC_WEAK = YES;
				CLANG_WARN_BLOCK_CAPTURE_AUTORELEASING = YES;
				CLANG_WARN_BOOL_CONVERSION = YES;
				CLANG_WARN_COMMA = YES;
				CLANG_WARN_CONSTANT_CONVERSION = YES;
				CLANG_WARN_DEPRECATED_OBJC_IMPLEMENTATIONS = YES;
				CLANG_WARN_DIRECT_OBJC_ISA_USAGE = YES_ERROR;
				CLANG_WARN_DOCUMENTATION_COMMENTS = YES;
				CLANG_WARN_EMPTY_BODY = YES;
				CLANG_WARN_ENUM_CONVERSION = YES;
				CLANG_WARN_INFINITE_RECURSION = YES;
				CLANG_WARN_INT_CONVERSION = YES;
				CLANG_WARN_NON_LITERAL_NULL_CONVERSION = YES;
				CLANG_WARN_OBJC_IMPLICIT_RETAIN_SELF = YES;
				CLANG_WARN_OBJC_LITERAL_CONVERSION = YES;
				CLANG_WARN_OBJC_ROOT_CLASS = YES_ERROR;
				CLANG_WARN_RANGE_LOOP_ANALYSIS = YES;
				CLANG_WARN_STRICT_PROTOTYPES = YES;
				CLANG_WARN_SUSPICIOUS_MOVE = YES;
				CLANG_WARN_UNGUARDED_AVAILABILITY = YES_AGGRESSIVE;
				CLANG_WARN_UNREACHABLE_CODE = YES;
				CLANG_WARN__DUPLICATE_METHOD_MATCH = YES;
				COPY_PHASE_STRIP = NO;
				DEBUG_INFORMATION_FORMAT = "dwarf-with-dsym";
				ENABLE_NS_ASSERTIONS = NO;
				ENABLE_STRICT_OBJC_MSGSEND = YES;
				GCC_C_LANGUAGE_STANDARD = gnu11;
				GCC_NO_COMMON_BLOCKS = YES;
				GCC_WARN_64_TO_32_BIT_CONVERSION = YES;
				GCC_WARN_ABOUT_RETURN_TYPE = YES_ERROR;
				GCC_WARN_UNDECLARED_SELECTOR = YES;
				GCC_WARN_UNINITIALIZED_AUTOS = YES_AGGRESSIVE;
				GCC_WARN_UNUSED_FUNCTION = YES;
				GCC_WARN_UNUSED_VARIABLE = YES;
				MACOSX_DEPLOYMENT_TARGET = 10.15;
				MTL_ENABLE_DEBUG_INFO = NO;
				MTL_FAST_MATH = YES;
				SDKROOT = macosx;
			};
			name = Release;
		};
		269464E02591706300E9493C /* Debug */ = {
			isa = XCBuildConfiguration;
			buildSettings = {
				CLANG_CXX_LANGUAGE_STANDARD = "gnu++17";
				CODE_SIGN_STYLE = Automatic;
				PRODUCT_NAME = "$(TARGET_NAME)";
			};
			name = Debug;
		};
		269464E12591706300E9493C /* Release */ = {
			isa = XCBuildConfiguration;
			buildSettings = {
				CLANG_CXX_LANGUAGE_STANDARD = "gnu++17";
				CODE_SIGN_STYLE = Automatic;
				PRODUCT_NAME = "$(TARGET_NAME)";
			};
			name = Release;
		};
/* End XCBuildConfiguration section */

/* Begin XCConfigurationList section */
		269464D32591706300E9493C /* Build configuration list for PBXProject "Review" */ = {
			isa = XCConfigurationList;
			buildConfigurations = (
				269464DD2591706300E9493C /* Debug */,
				269464DE2591706300E9493C /* Release */,
			);
			defaultConfigurationIsVisible = 0;
			defaultConfigurationName = Release;
		};
		269464DF2591706300E9493C /* Build configuration list for PBXNativeTarget "Review" */ = {
			isa = XCConfigurationList;
			buildConfigurations = (
				269464E02591706300E9493C /* Debug */,
				269464E12591706300E9493C /* Release */,
			);
			defaultConfigurationIsVisible = 0;
			defaultConfigurationName = Release;
		};
/* End XCConfigurationList section */
	};
	rootObject = 269464D02591706300E9493C /* Project object */;
}
